
Microsoft Visual Studio Solution File, Format Version 12.00
# Visual Studio Version 16
VisualStudioVersion = 16.0.28711.60
MinimumVisualStudioVersion = 10.0.40219.1
Project("{9A19103F-16F7-4668-BE54-9A1E7A4F7556}") = "SmartCampusSandbox.AzureFunctions", "SmartCampusSandbox.AzureFunctions\SmartCampusSandbox.AzureFunctions.csproj", "{4FE2E48D-6BAD-4479-915E-E1609175D079}"
EndProject
Project("{FAE04EC0-301F-11D3-BF4B-00C04F79EFBC}") = "SmartCampusSandbox.AzFn.Test", "SmartCampusSandbox.AzFn.Test\SmartCampusSandbox.AzFn.Test.csproj", "{4F484A42-71E8-44F7-8F8B-8B6F42F625DA}"
EndProject
Global
	GlobalSection(SolutionConfigurationPlatforms) = preSolution
		Debug|Any CPU = Debug|Any CPU
		Release|Any CPU = Release|Any CPU
	EndGlobalSection
	GlobalSection(ProjectConfigurationPlatforms) = postSolution
		{4FE2E48D-6BAD-4479-915E-E1609175D079}.Debug|Any CPU.ActiveCfg = Debug|Any CPU
		{4FE2E48D-6BAD-4479-915E-E1609175D079}.Debug|Any CPU.Build.0 = Debug|Any CPU
		{4FE2E48D-6BAD-4479-915E-E1609175D079}.Release|Any CPU.ActiveCfg = Release|Any CPU
		{4FE2E48D-6BAD-4479-915E-E1609175D079}.Release|Any CPU.Build.0 = Release|Any CPU
		{4F484A42-71E8-44F7-8F8B-8B6F42F625DA}.Debug|Any CPU.ActiveCfg = Debug|Any CPU
		{4F484A42-71E8-44F7-8F8B-8B6F42F625DA}.Debug|Any CPU.Build.0 = Debug|Any CPU
		{4F484A42-71E8-44F7-8F8B-8B6F42F625DA}.Release|Any CPU.ActiveCfg = Release|Any CPU
		{4F484A42-71E8-44F7-8F8B-8B6F42F625DA}.Release|Any CPU.Build.0 = Release|Any CPU
	EndGlobalSection
	GlobalSection(SolutionProperties) = preSolution
		HideSolutionNode = FALSE
	EndGlobalSection
	GlobalSection(ExtensibilityGlobals) = postSolution
		SolutionGuid = {188D7339-88A0-4BE9-B77B-E8D5E5B26231}
	EndGlobalSection
EndGlobal
